
Microsoft Visual Studio Solution File, Format Version 12.00
# Visual Studio Version 16
VisualStudioVersion = 16.0.30309.148
MinimumVisualStudioVersion = 10.0.40219.1
Project("{FAE04EC0-301F-11D3-BF4B-00C04F79EFBC}") = "Food_Menu", "Food_Menu\Food_Menu.csproj", "{10904967-C00E-4C04-BDC2-4185A8C66FD1}"
EndProject
Global
	GlobalSection(SolutionConfigurationPlatforms) = preSolution
		Debug|Any CPU = Debug|Any CPU
		Release|Any CPU = Release|Any CPU
	EndGlobalSection
	GlobalSection(ProjectConfigurationPlatforms) = postSolution
		{10904967-C00E-4C04-BDC2-4185A8C66FD1}.Debug|Any CPU.ActiveCfg = Debug|Any CPU
		{10904967-C00E-4C04-BDC2-4185A8C66FD1}.Debug|Any CPU.Build.0 = Debug|Any CPU
		{10904967-C00E-4C04-BDC2-4185A8C66FD1}.Debug|Any CPU.Deploy.0 = Debug|Any CPU
		{10904967-C00E-4C04-BDC2-4185A8C66FD1}.Release|Any CPU.ActiveCfg = Release|Any CPU
		{10904967-C00E-4C04-BDC2-4185A8C66FD1}.Release|Any CPU.Build.0 = Release|Any CPU
		{10904967-C00E-4C04-BDC2-4185A8C66FD1}.Release|Any CPU.Deploy.0 = Release|Any CPU
	EndGlobalSection
	GlobalSection(SolutionProperties) = preSolution
		HideSolutionNode = FALSE
	EndGlobalSection
	GlobalSection(ExtensibilityGlobals) = postSolution
		SolutionGuid = {F33CE761-023E-4DD0-83A9-97C3E19B4F5E}
	EndGlobalSection
EndGlobal
